
Microsoft Visual Studio Solution File, Format Version 12.00
# Visual Studio Version 16
VisualStudioVersion = 16.0.31624.102
MinimumVisualStudioVersion = 10.0.40219.1
Project("{FAE04EC0-301F-11D3-BF4B-00C04F79EFBC}") = "BookSwap", "BookSwap\BookSwap.csproj", "{5F4430BD-088C-4F72-896D-043F1D447EC3}"
EndProject
Project("{FAE04EC0-301F-11D3-BF4B-00C04F79EFBC}") = "BookStor.Data", "BookStor.Data\BookStor.Data.csproj", "{F1506BA9-81C3-4641-933D-26AA08DA2F28}"
EndProject
Global
	GlobalSection(SolutionConfigurationPlatforms) = preSolution
		Debug|Any CPU = Debug|Any CPU
		Release|Any CPU = Release|Any CPU
	EndGlobalSection
	GlobalSection(ProjectConfigurationPlatforms) = postSolution
		{5F4430BD-088C-4F72-896D-043F1D447EC3}.Debug|Any CPU.ActiveCfg = Debug|Any CPU
		{5F4430BD-088C-4F72-896D-043F1D447EC3}.Debug|Any CPU.Build.0 = Debug|Any CPU
		{5F4430BD-088C-4F72-896D-043F1D447EC3}.Release|Any CPU.ActiveCfg = Release|Any CPU
		{5F4430BD-088C-4F72-896D-043F1D447EC3}.Release|Any CPU.Build.0 = Release|Any CPU
		{F1506BA9-81C3-4641-933D-26AA08DA2F28}.Debug|Any CPU.ActiveCfg = Debug|Any CPU
		{F1506BA9-81C3-4641-933D-26AA08DA2F28}.Debug|Any CPU.Build.0 = Debug|Any CPU
		{F1506BA9-81C3-4641-933D-26AA08DA2F28}.Release|Any CPU.ActiveCfg = Release|Any CPU
		{F1506BA9-81C3-4641-933D-26AA08DA2F28}.Release|Any CPU.Build.0 = Release|Any CPU
	EndGlobalSection
	GlobalSection(SolutionProperties) = preSolution
		HideSolutionNode = FALSE
	EndGlobalSection
	GlobalSection(ExtensibilityGlobals) = postSolution
		SolutionGuid = {33130E3C-868E-440F-B1C7-FE091963CE2E}
	EndGlobalSection
EndGlobal
